
Microsoft Visual Studio Solution File, Format Version 12.00
# Visual Studio Version 17
VisualStudioVersion = 17.8.34511.84
MinimumVisualStudioVersion = 10.0.40219.1
Project("{FAE04EC0-301F-11D3-BF4B-00C04F79EFBC}") = "Domain", "Domain\Domain.csproj", "{121E0D34-E0D8-46D5-AC63-4A361D20673D}"
EndProject
Project("{FAE04EC0-301F-11D3-BF4B-00C04F79EFBC}") = "Aplication", "Aplication\Aplication.csproj", "{3C7942F9-8781-48D0-96EA-72F1EA0B2CCF}"
EndProject
Project("{FAE04EC0-301F-11D3-BF4B-00C04F79EFBC}") = "Infraestructure", "Infraestructure\Infraestructure.csproj", "{7E1C80DF-CEAF-4332-8704-45B588A078FC}"
EndProject
Project("{FAE04EC0-301F-11D3-BF4B-00C04F79EFBC}") = "WebApi", "WebApi\WebApi.csproj", "{00E1C7A5-0C3F-44C4-BB19-3A38BAEF9523}"
EndProject
Global
	GlobalSection(SolutionConfigurationPlatforms) = preSolution
		Debug|Any CPU = Debug|Any CPU
		Release|Any CPU = Release|Any CPU
	EndGlobalSection
	GlobalSection(ProjectConfigurationPlatforms) = postSolution
		{121E0D34-E0D8-46D5-AC63-4A361D20673D}.Debug|Any CPU.ActiveCfg = Debug|Any CPU
		{121E0D34-E0D8-46D5-AC63-4A361D20673D}.Debug|Any CPU.Build.0 = Debug|Any CPU
		{121E0D34-E0D8-46D5-AC63-4A361D20673D}.Release|Any CPU.ActiveCfg = Release|Any CPU
		{121E0D34-E0D8-46D5-AC63-4A361D20673D}.Release|Any CPU.Build.0 = Release|Any CPU
		{3C7942F9-8781-48D0-96EA-72F1EA0B2CCF}.Debug|Any CPU.ActiveCfg = Debug|Any CPU
		{3C7942F9-8781-48D0-96EA-72F1EA0B2CCF}.Debug|Any CPU.Build.0 = Debug|Any CPU
		{3C7942F9-8781-48D0-96EA-72F1EA0B2CCF}.Release|Any CPU.ActiveCfg = Release|Any CPU
		{3C7942F9-8781-48D0-96EA-72F1EA0B2CCF}.Release|Any CPU.Build.0 = Release|Any CPU
		{7E1C80DF-CEAF-4332-8704-45B588A078FC}.Debug|Any CPU.ActiveCfg = Debug|Any CPU
		{7E1C80DF-CEAF-4332-8704-45B588A078FC}.Debug|Any CPU.Build.0 = Debug|Any CPU
		{7E1C80DF-CEAF-4332-8704-45B588A078FC}.Release|Any CPU.ActiveCfg = Release|Any CPU
		{7E1C80DF-CEAF-4332-8704-45B588A078FC}.Release|Any CPU.Build.0 = Release|Any CPU
		{00E1C7A5-0C3F-44C4-BB19-3A38BAEF9523}.Debug|Any CPU.ActiveCfg = Debug|Any CPU
		{00E1C7A5-0C3F-44C4-BB19-3A38BAEF9523}.Debug|Any CPU.Build.0 = Debug|Any CPU
		{00E1C7A5-0C3F-44C4-BB19-3A38BAEF9523}.Release|Any CPU.ActiveCfg = Release|Any CPU
		{00E1C7A5-0C3F-44C4-BB19-3A38BAEF9523}.Release|Any CPU.Build.0 = Release|Any CPU
	EndGlobalSection
	GlobalSection(SolutionProperties) = preSolution
		HideSolutionNode = FALSE
	EndGlobalSection
	GlobalSection(ExtensibilityGlobals) = postSolution
		SolutionGuid = {900305DF-CF9A-439F-8128-75528E0F269A}
	EndGlobalSection
EndGlobal
